lockfileVersion: '9.0'

settings:
  autoInstallPeers: true
  excludeLinksFromLockfile: false

importers:

  .:
    dependencies:
      posthog-node:
        specifier: ^5.35.6
        version: 5.35.6

packages:

  '@posthog/core@1.29.13':
    resolution: {integrity: sha512-7Me5zaeAue/wmA364Go8ChYbsVAfNAHbtDxXopWu3D6hq9PVScUcauRgjD1njgvP8NzN91SrIllE+pri3XvJVw==}

  '@posthog/types@1.376.4':
    resolution: {integrity: sha512-EoDEvA925lf6yxPpbP4wozlXgu4b9WEqxZlFBUDd4k2akP5R/RWyHpvQT8aYyfY6BtSLn8TnVwxPQOM4b90isA==}

  posthog-node@5.35.6:
    resolution: {integrity: sha512-LwoXnR89A0l75jvFrXjtsAs0BbpyCjnwY8YIUkZT91rt1YnIUfBYiLj7qoUYApdNgesgWQQHqLXxLYX59a6ZYw==}
    engines: {node: ^20.20.0 || >=22.22.0}
    peerDependencies:
      rxjs: ^7.0.0
    peerDependenciesMeta:
      rxjs:
        optional: true

snapshots:

  '@posthog/core@1.29.13':
    dependencies:
      '@posthog/types': 1.376.4

  '@posthog/types@1.376.4': {}

  posthog-node@5.35.6:
    dependencies:
      '@posthog/core': 1.29.13
